
Microsoft Visual Studio Solution File, Format Version 12.00
# Visual Studio Version 16
VisualStudioVersion = 16.0.30804.86
MinimumVisualStudioVersion = 10.0.40219.1
Project("{FAE04EC0-301F-11D3-BF4B-00C04F79EFBC}") = "ArgumentNullException", "ArgumentNullException\ArgumentNullException.csproj", "{32523D61-610C-454B-A251-67FAD94E7B97}"
EndProject
Global
	GlobalSection(SolutionConfigurationPlatforms) = preSolution
		Debug|Any CPU = Debug|Any CPU
		Release|Any CPU = Release|Any CPU
	EndGlobalSection
	GlobalSection(ProjectConfigurationPlatforms) = postSolution
		{32523D61-610C-454B-A251-67FAD94E7B97}.Debug|Any CPU.ActiveCfg = Debug|Any CPU
		{32523D61-610C-454B-A251-67FAD94E7B97}.Debug|Any CPU.Build.0 = Debug|Any CPU
		{32523D61-610C-454B-A251-67FAD94E7B97}.Release|Any CPU.ActiveCfg = Release|Any CPU
		{32523D61-610C-454B-A251-67FAD94E7B97}.Release|Any CPU.Build.0 = Release|Any CPU
	EndGlobalSection
	GlobalSection(SolutionProperties) = preSolution
		HideSolutionNode = FALSE
	EndGlobalSection
	GlobalSection(ExtensibilityGlobals) = postSolution
		SolutionGuid = {4444E8E8-3F53-4C07-8D7E-91D74B241E35}
	EndGlobalSection
EndGlobal
